
Microsoft Visual Studio Solution File, Format Version 12.00
# Visual Studio Version 17
VisualStudioVersion = 17.7.34024.191
MinimumVisualStudioVersion = 10.0.40219.1
Project("{FAE04EC0-301F-11D3-BF4B-00C04F79EFBC}") = "Module01_Activity01.Android", "Module01_Activity01\Module01_Activity01.Android\Module01_Activity01.Android.csproj", "{7C8B87CB-3694-42F6-9031-D04703AD3C33}"
EndProject
Project("{FAE04EC0-301F-11D3-BF4B-00C04F79EFBC}") = "Module01_Activity01", "Module01_Activity01\Module01_Activity01\Module01_Activity01.csproj", "{05FF8BAC-8AE5-4BDA-9BAB-92B583237CA8}"
EndProject
Global
	GlobalSection(SolutionConfigurationPlatforms) = preSolution
		Debug|Any CPU = Debug|Any CPU
		Release|Any CPU = Release|Any CPU
	EndGlobalSection
	GlobalSection(ProjectConfigurationPlatforms) = postSolution
		{7C8B87CB-3694-42F6-9031-D04703AD3C33}.Debug|Any CPU.ActiveCfg = Debug|Any CPU
		{7C8B87CB-3694-42F6-9031-D04703AD3C33}.Debug|Any CPU.Build.0 = Debug|Any CPU
		{7C8B87CB-3694-42F6-9031-D04703AD3C33}.Debug|Any CPU.Deploy.0 = Debug|Any CPU
		{7C8B87CB-3694-42F6-9031-D04703AD3C33}.Release|Any CPU.ActiveCfg = Release|Any CPU
		{7C8B87CB-3694-42F6-9031-D04703AD3C33}.Release|Any CPU.Build.0 = Release|Any CPU
		{7C8B87CB-3694-42F6-9031-D04703AD3C33}.Release|Any CPU.Deploy.0 = Release|Any CPU
		{05FF8BAC-8AE5-4BDA-9BAB-92B583237CA8}.Debug|Any CPU.ActiveCfg = Debug|Any CPU
		{05FF8BAC-8AE5-4BDA-9BAB-92B583237CA8}.Debug|Any CPU.Build.0 = Debug|Any CPU
		{05FF8BAC-8AE5-4BDA-9BAB-92B583237CA8}.Debug|Any CPU.Deploy.0 = Debug|Any CPU
		{05FF8BAC-8AE5-4BDA-9BAB-92B583237CA8}.Release|Any CPU.ActiveCfg = Release|Any CPU
		{05FF8BAC-8AE5-4BDA-9BAB-92B583237CA8}.Release|Any CPU.Build.0 = Release|Any CPU
		{05FF8BAC-8AE5-4BDA-9BAB-92B583237CA8}.Release|Any CPU.Deploy.0 = Release|Any CPU
	EndGlobalSection
	GlobalSection(SolutionProperties) = preSolution
		HideSolutionNode = FALSE
	EndGlobalSection
	GlobalSection(ExtensibilityGlobals) = postSolution
		SolutionGuid = {886D79D2-71DF-4CA7-AF95-D1728AC5770A}
	EndGlobalSection
EndGlobal
